
Microsoft Visual Studio Solution File, Format Version 12.00
# Visual Studio Version 17
VisualStudioVersion = 17.1.32319.34
MinimumVisualStudioVersion = 10.0.40219.1
Project("{8BC9CEB8-8B4A-11D0-8D11-00A0C91BC942}") = "Cpp -Object", "Cpp -Object\Cpp -Object.vcxproj", "{B73188CD-FB43-4EA9-8A4D-7C9711494804}"
EndProject
Project("{8BC9CEB8-8B4A-11D0-8D11-00A0C91BC942}") = "Person", "Klasy\Klasy.vcxproj", "{B003F6BE-D5C9-4CE9-83CC-462F42A6907F}"
EndProject
Project("{8BC9CEB8-8B4A-11D0-8D11-00A0C91BC942}") = "Student", "Student\Student.vcxproj", "{2E1AC542-8E8E-4AE6-A3B3-970046BDA95B}"
EndProject
Project("{8BC9CEB8-8B4A-11D0-8D11-00A0C91BC942}") = "Account- no source files", "Account\Account.vcxproj", "{6FE72027-30BF-45E2-895E-F7197944347A}"
EndProject
Project("{8BC9CEB8-8B4A-11D0-8D11-00A0C91BC942}") = "Bank- Mateusz", "Bank- Mateusz\Bank- Mateusz.vcxproj", "{935777E9-9B1B-4861-85D3-D50FFDB665AD}"
EndProject
Project("{8BC9CEB8-8B4A-11D0-8D11-00A0C91BC942}") = "Student2", "Student2\Student2.vcxproj", "{FF5D3573-6F2C-4416-AA1E-A3F505E73E3F}"
EndProject
Project("{8BC9CEB8-8B4A-11D0-8D11-00A0C91BC942}") = "Shapes-no source files", "Shapes-no source files\Shapes-no source files.vcxproj", "{AB6C25FC-4365-4CF6-8CF2-BEA17A8E9B06}"
EndProject
Project("{8BC9CEB8-8B4A-11D0-8D11-00A0C91BC942}") = "Rectangle-Struct", "Rectangle-Struct\Rectangle-Struct.vcxproj", "{B04F5BE4-E1BB-4276-A30B-8530DC3351E9}"
EndProject
Project("{8BC9CEB8-8B4A-11D0-8D11-00A0C91BC942}") = "Car", "Car\Car.vcxproj", "{957DB1F3-663B-4DB8-893A-29BF59D00DC6}"
EndProject
Project("{8BC9CEB8-8B4A-11D0-8D11-00A0C91BC942}") = "Account.4.2", "Account-4.2\Account-4.2.vcxproj", "{A202B87D-7127-4F11-9BAE-21EF2FC347A9}"
EndProject
Global
	GlobalSection(SolutionConfigurationPlatforms) = preSolution
		Debug|x64 = Debug|x64
		Debug|x86 = Debug|x86
		Release|x64 = Release|x64
		Release|x86 = Release|x86
	EndGlobalSection
	GlobalSection(ProjectConfigurationPlatforms) = postSolution
		{B73188CD-FB43-4EA9-8A4D-7C9711494804}.Debug|x64.ActiveCfg = Debug|x64
		{B73188CD-FB43-4EA9-8A4D-7C9711494804}.Debug|x64.Build.0 = Debug|x64
		{B73188CD-FB43-4EA9-8A4D-7C9711494804}.Debug|x86.ActiveCfg = Debug|Win32
		{B73188CD-FB43-4EA9-8A4D-7C9711494804}.Debug|x86.Build.0 = Debug|Win32
		{B73188CD-FB43-4EA9-8A4D-7C9711494804}.Release|x64.ActiveCfg = Release|x64
		{B73188CD-FB43-4EA9-8A4D-7C9711494804}.Release|x64.Build.0 = Release|x64
		{B73188CD-FB43-4EA9-8A4D-7C9711494804}.Release|x86.ActiveCfg = Release|Win32
		{B73188CD-FB43-4EA9-8A4D-7C9711494804}.Release|x86.Build.0 = Release|Win32
		{B003F6BE-D5C9-4CE9-83CC-462F42A6907F}.Debug|x64.ActiveCfg = Debug|x64
		{B003F6BE-D5C9-4CE9-83CC-462F42A6907F}.Debug|x64.Build.0 = Debug|x64
		{B003F6BE-D5C9-4CE9-83CC-462F42A6907F}.Debug|x86.ActiveCfg = Debug|Win32
		{B003F6BE-D5C9-4CE9-83CC-462F42A6907F}.Debug|x86.Build.0 = Debug|Win32
		{B003F6BE-D5C9-4CE9-83CC-462F42A6907F}.Release|x64.ActiveCfg = Release|x64
		{B003F6BE-D5C9-4CE9-83CC-462F42A6907F}.Release|x64.Build.0 = Release|x64
		{B003F6BE-D5C9-4CE9-83CC-462F42A6907F}.Release|x86.ActiveCfg = Release|Win32
		{B003F6BE-D5C9-4CE9-83CC-462F42A6907F}.Release|x86.Build.0 = Release|Win32
		{2E1AC542-8E8E-4AE6-A3B3-970046BDA95B}.Debug|x64.ActiveCfg = Debug|x64
		{2E1AC542-8E8E-4AE6-A3B3-970046BDA95B}.Debug|x64.Build.0 = Debug|x64
		{2E1AC542-8E8E-4AE6-A3B3-970046BDA95B}.Debug|x86.ActiveCfg = Debug|Win32
		{2E1AC542-8E8E-4AE6-A3B3-970046BDA95B}.Debug|x86.Build.0 = Debug|Win32
		{2E1AC542-8E8E-4AE6-A3B3-970046BDA95B}.Release|x64.ActiveCfg = Release|x64
		{2E1AC542-8E8E-4AE6-A3B3-970046BDA95B}.Release|x64.Build.0 = Release|x64
		{2E1AC542-8E8E-4AE6-A3B3-970046BDA95B}.Release|x86.ActiveCfg = Release|Win32
		{2E1AC542-8E8E-4AE6-A3B3-970046BDA95B}.Release|x86.Build.0 = Release|Win32
		{6FE72027-30BF-45E2-895E-F7197944347A}.Debug|x64.ActiveCfg = Debug|x64
		{6FE72027-30BF-45E2-895E-F7197944347A}.Debug|x64.Build.0 = Debug|x64
		{6FE72027-30BF-45E2-895E-F7197944347A}.Debug|x86.ActiveCfg = Debug|Win32
		{6FE72027-30BF-45E2-895E-F7197944347A}.Debug|x86.Build.0 = Debug|Win32
		{6FE72027-30BF-45E2-895E-F7197944347A}.Release|x64.ActiveCfg = Release|x64
		{6FE72027-30BF-45E2-895E-F7197944347A}.Release|x64.Build.0 = Release|x64
		{6FE72027-30BF-45E2-895E-F7197944347A}.Release|x86.ActiveCfg = Release|Win32
		{6FE72027-30BF-45E2-895E-F7197944347A}.Release|x86.Build.0 = Release|Win32
		{935777E9-9B1B-4861-85D3-D50FFDB665AD}.Debug|x64.ActiveCfg = Debug|x64
		{935777E9-9B1B-4861-85D3-D50FFDB665AD}.Debug|x64.Build.0 = Debug|x64
		{935777E9-9B1B-4861-85D3-D50FFDB665AD}.Debug|x86.ActiveCfg = Debug|Win32
		{935777E9-9B1B-4861-85D3-D50FFDB665AD}.Debug|x86.Build.0 = Debug|Win32
		{935777E9-9B1B-4861-85D3-D50FFDB665AD}.Release|x64.ActiveCfg = Release|x64
		{935777E9-9B1B-4861-85D3-D50FFDB665AD}.Release|x64.Build.0 = Release|x64
		{935777E9-9B1B-4861-85D3-D50FFDB665AD}.Release|x86.ActiveCfg = Release|Win32
		{935777E9-9B1B-4861-85D3-D50FFDB665AD}.Release|x86.Build.0 = Release|Win32
		{FF5D3573-6F2C-4416-AA1E-A3F505E73E3F}.Debug|x64.ActiveCfg = Debug|x64
		{FF5D3573-6F2C-4416-AA1E-A3F505E73E3F}.Debug|x64.Build.0 = Debug|x64
		{FF5D3573-6F2C-4416-AA1E-A3F505E73E3F}.Debug|x86.ActiveCfg = Debug|Win32
		{FF5D3573-6F2C-4416-AA1E-A3F505E73E3F}.Debug|x86.Build.0 = Debug|Win32
		{FF5D3573-6F2C-4416-AA1E-A3F505E73E3F}.Release|x64.ActiveCfg = Release|x64
		{FF5D3573-6F2C-4416-AA1E-A3F505E73E3F}.Release|x64.Build.0 = Release|x64
		{FF5D3573-6F2C-4416-AA1E-A3F505E73E3F}.Release|x86.ActiveCfg = Release|Win32
		{FF5D3573-6F2C-4416-AA1E-A3F505E73E3F}.Release|x86.Build.0 = Release|Win32
		{AB6C25FC-4365-4CF6-8CF2-BEA17A8E9B06}.Debug|x64.ActiveCfg = Debug|x64
		{AB6C25FC-4365-4CF6-8CF2-BEA17A8E9B06}.Debug|x64.Build.0 = Debug|x64
		{AB6C25FC-4365-4CF6-8CF2-BEA17A8E9B06}.Debug|x86.ActiveCfg = Debug|Win32
		{AB6C25FC-4365-4CF6-8CF2-BEA17A8E9B06}.Debug|x86.Build.0 = Debug|Win32
		{AB6C25FC-4365-4CF6-8CF2-BEA17A8E9B06}.Release|x64.ActiveCfg = Release|x64
		{AB6C25FC-4365-4CF6-8CF2-BEA17A8E9B06}.Release|x64.Build.0 = Release|x64
		{AB6C25FC-4365-4CF6-8CF2-BEA17A8E9B06}.Release|x86.ActiveCfg = Release|Win32
		{AB6C25FC-4365-4CF6-8CF2-BEA17A8E9B06}.Release|x86.Build.0 = Release|Win32
		{B04F5BE4-E1BB-4276-A30B-8530DC3351E9}.Debug|x64.ActiveCfg = Debug|x64
		{B04F5BE4-E1BB-4276-A30B-8530DC3351E9}.Debug|x64.Build.0 = Debug|x64
		{B04F5BE4-E1BB-4276-A30B-8530DC3351E9}.Debug|x86.ActiveCfg = Debug|Win32
		{B04F5BE4-E1BB-4276-A30B-8530DC3351E9}.Debug|x86.Build.0 = Debug|Win32
		{B04F5BE4-E1BB-4276-A30B-8530DC3351E9}.Release|x64.ActiveCfg = Release|x64
		{B04F5BE4-E1BB-4276-A30B-8530DC3351E9}.Release|x64.Build.0 = Release|x64
		{B04F5BE4-E1BB-4276-A30B-8530DC3351E9}.Release|x86.ActiveCfg = Release|Win32
		{B04F5BE4-E1BB-4276-A30B-8530DC3351E9}.Release|x86.Build.0 = Release|Win32
		{957DB1F3-663B-4DB8-893A-29BF59D00DC6}.Debug|x64.ActiveCfg = Debug|x64
		{957DB1F3-663B-4DB8-893A-29BF59D00DC6}.Debug|x64.Build.0 = Debug|x64
		{957DB1F3-663B-4DB8-893A-29BF59D00DC6}.Debug|x86.ActiveCfg = Debug|Win32
		{957DB1F3-663B-4DB8-893A-29BF59D00DC6}.Debug|x86.Build.0 = Debug|Win32
		{957DB1F3-663B-4DB8-893A-29BF59D00DC6}.Release|x64.ActiveCfg = Release|x64
		{957DB1F3-663B-4DB8-893A-29BF59D00DC6}.Release|x64.Build.0 = Release|x64
		{957DB1F3-663B-4DB8-893A-29BF59D00DC6}.Release|x86.ActiveCfg = Release|Win32
		{957DB1F3-663B-4DB8-893A-29BF59D00DC6}.Release|x86.Build.0 = Release|Win32
		{A202B87D-7127-4F11-9BAE-21EF2FC347A9}.Debug|x64.ActiveCfg = Debug|x64
		{A202B87D-7127-4F11-9BAE-21EF2FC347A9}.Debug|x64.Build.0 = Debug|x64
		{A202B87D-7127-4F11-9BAE-21EF2FC347A9}.Debug|x86.ActiveCfg = Debug|Win32
		{A202B87D-7127-4F11-9BAE-21EF2FC347A9}.Debug|x86.Build.0 = Debug|Win32
		{A202B87D-7127-4F11-9BAE-21EF2FC347A9}.Release|x64.ActiveCfg = Release|x64
		{A202B87D-7127-4F11-9BAE-21EF2FC347A9}.Release|x64.Build.0 = Release|x64
		{A202B87D-7127-4F11-9BAE-21EF2FC347A9}.Release|x86.ActiveCfg = Release|Win32
		{A202B87D-7127-4F11-9BAE-21EF2FC347A9}.Release|x86.Build.0 = Release|Win32
	EndGlobalSection
	GlobalSection(SolutionProperties) = preSolution
		HideSolutionNode = FALSE
	EndGlobalSection
	GlobalSection(ExtensibilityGlobals) = postSolution
		SolutionGuid = {CCB062E8-3C5A-4D6A-9807-FDA857BC45B7}
	EndGlobalSection
EndGlobal
